
Microsoft Visual Studio Solution File, Format Version 12.00
# Visual Studio 14
VisualStudioVersion = 14.0.24720.0
MinimumVisualStudioVersion = 10.0.40219.1
Project("{2150E333-8FDC-42A3-9474-1A3956D46DE8}") = "0 - Modeling and Design", "0 - Modeling and Design", "{FB8EA57B-F355-490A-B4F9-710391739E5C}"
EndProject
Project("{2150E333-8FDC-42A3-9474-1A3956D46DE8}") = "1 - Layers", "1 - Layers", "{DF48E7F3-4D59-432A-AD6C-226CF6D99746}"
EndProject
Project("{2150E333-8FDC-42A3-9474-1A3956D46DE8}") = "2 - Database", "2 - Database", "{FFDB6777-74F2-424D-B05D-EE864DAF4471}"
EndProject
Project("{2150E333-8FDC-42A3-9474-1A3956D46DE8}") = "1.1 - Presentation", "1.1 - Presentation", "{EE01FD40-4383-4976-9270-F52D40DB6518}"
EndProject
Project("{2150E333-8FDC-42A3-9474-1A3956D46DE8}") = "1.2 - Distributed Service", "1.2 - Distributed Service", "{FC0B6ECD-B103-45B9-B99E-234BB89A0A3F}"
EndProject
Project("{2150E333-8FDC-42A3-9474-1A3956D46DE8}") = "1.3 - Application", "1.3 - Application", "{8FEE5022-4C3F-4EBB-9561-A3363F8A1119}"
EndProject
Project("{2150E333-8FDC-42A3-9474-1A3956D46DE8}") = "1.4 - Domain", "1.4 - Domain", "{A85C0E3D-69D7-47ED-9A90-0630E0105462}"
EndProject
Project("{2150E333-8FDC-42A3-9474-1A3956D46DE8}") = "1.5 - Infrastructure", "1.5 - Infrastructure", "{9A4354CD-269C-4604-B36D-763A448F6015}"
EndProject
Project("{2150E333-8FDC-42A3-9474-1A3956D46DE8}") = "1.5.1 - Data", "1.5.1 - Data", "{A3544249-91A4-467B-8542-DC27310F05F9}"
EndProject
Project("{2150E333-8FDC-42A3-9474-1A3956D46DE8}") = "1.5.2 - Cross Cutting", "1.5.2 - Cross Cutting", "{CB64E16A-DBC4-4A47-A1A5-BE6BAB263011}"
EndProject
Project("{2150E333-8FDC-42A3-9474-1A3956D46DE8}") = "1.4.1 - Core", "1.4.1 - Core", "{C791A16C-52D4-40F0-A734-3F8D0B1F3D98}"
EndProject
Project("{2150E333-8FDC-42A3-9474-1A3956D46DE8}") = "1.4.2 - MainModule", "1.4.2 - MainModule", "{B14A7191-21FC-401C-A25E-32FDB156DCCE}"
EndProject
Project("{2150E333-8FDC-42A3-9474-1A3956D46DE8}") = "1.6 - Testing", "1.6 - Testing", "{9B1FBB20-94BF-4865-9517-F453CA545C2C}"
EndProject
Project("{FAE04EC0-301F-11D3-BF4B-00C04F79EFBC}") = "CodeGeneration.FluentApi", "CodeGeneration.FluentApi\CodeGeneration.FluentApi.csproj", "{95CA3BCD-639F-4197-8EDE-C109E2AC4D6A}"
EndProject
Project("{FAE04EC0-301F-11D3-BF4B-00C04F79EFBC}") = "CodeGeneration.FluentApi.IntTest", "CodeGeneration.FluentApi.IntTest\CodeGeneration.FluentApi.IntTest.csproj", "{3F4F9EEE-8286-43F8-ADBE-8CC5BF4B2679}"
EndProject
Global
	GlobalSection(SolutionConfigurationPlatforms) = preSolution
		Debug|Any CPU = Debug|Any CPU
		Release|Any CPU = Release|Any CPU
	EndGlobalSection
	GlobalSection(ProjectConfigurationPlatforms) = postSolution
		{95CA3BCD-639F-4197-8EDE-C109E2AC4D6A}.Debug|Any CPU.ActiveCfg = Debug|Any CPU
		{95CA3BCD-639F-4197-8EDE-C109E2AC4D6A}.Debug|Any CPU.Build.0 = Debug|Any CPU
		{95CA3BCD-639F-4197-8EDE-C109E2AC4D6A}.Release|Any CPU.ActiveCfg = Release|Any CPU
		{95CA3BCD-639F-4197-8EDE-C109E2AC4D6A}.Release|Any CPU.Build.0 = Release|Any CPU
		{3F4F9EEE-8286-43F8-ADBE-8CC5BF4B2679}.Debug|Any CPU.ActiveCfg = Debug|Any CPU
		{3F4F9EEE-8286-43F8-ADBE-8CC5BF4B2679}.Debug|Any CPU.Build.0 = Debug|Any CPU
		{3F4F9EEE-8286-43F8-ADBE-8CC5BF4B2679}.Release|Any CPU.ActiveCfg = Release|Any CPU
		{3F4F9EEE-8286-43F8-ADBE-8CC5BF4B2679}.Release|Any CPU.Build.0 = Release|Any CPU
	EndGlobalSection
	GlobalSection(SolutionProperties) = preSolution
		HideSolutionNode = FALSE
	EndGlobalSection
	GlobalSection(NestedProjects) = preSolution
		{EE01FD40-4383-4976-9270-F52D40DB6518} = {DF48E7F3-4D59-432A-AD6C-226CF6D99746}
		{FC0B6ECD-B103-45B9-B99E-234BB89A0A3F} = {DF48E7F3-4D59-432A-AD6C-226CF6D99746}
		{8FEE5022-4C3F-4EBB-9561-A3363F8A1119} = {DF48E7F3-4D59-432A-AD6C-226CF6D99746}
		{A85C0E3D-69D7-47ED-9A90-0630E0105462} = {DF48E7F3-4D59-432A-AD6C-226CF6D99746}
		{9A4354CD-269C-4604-B36D-763A448F6015} = {DF48E7F3-4D59-432A-AD6C-226CF6D99746}
		{A3544249-91A4-467B-8542-DC27310F05F9} = {9A4354CD-269C-4604-B36D-763A448F6015}
		{CB64E16A-DBC4-4A47-A1A5-BE6BAB263011} = {9A4354CD-269C-4604-B36D-763A448F6015}
		{C791A16C-52D4-40F0-A734-3F8D0B1F3D98} = {A85C0E3D-69D7-47ED-9A90-0630E0105462}
		{B14A7191-21FC-401C-A25E-32FDB156DCCE} = {A85C0E3D-69D7-47ED-9A90-0630E0105462}
		{9B1FBB20-94BF-4865-9517-F453CA545C2C} = {DF48E7F3-4D59-432A-AD6C-226CF6D99746}
		{95CA3BCD-639F-4197-8EDE-C109E2AC4D6A} = {8FEE5022-4C3F-4EBB-9561-A3363F8A1119}
		{3F4F9EEE-8286-43F8-ADBE-8CC5BF4B2679} = {9B1FBB20-94BF-4865-9517-F453CA545C2C}
	EndGlobalSection
EndGlobal
